
Microsoft Visual Studio Solution File, Format Version 12.00
# Visual Studio Version 17
VisualStudioVersion = 17.3.32901.215
MinimumVisualStudioVersion = 10.0.40219.1
Project("{FAE04EC0-301F-11D3-BF4B-00C04F79EFBC}") = "Gerador-De-Senha-CSharp", "Gerador-De-Senha-CSharp.csproj", "{5F99CBED-5EED-49D7-9A1D-C6B727D01E4F}"
EndProject
Global
	GlobalSection(SolutionConfigurationPlatforms) = preSolution
		Debug|Any CPU = Debug|Any CPU
		Release|Any CPU = Release|Any CPU
	EndGlobalSection
	GlobalSection(ProjectConfigurationPlatforms) = postSolution
		{5F99CBED-5EED-49D7-9A1D-C6B727D01E4F}.Debug|Any CPU.ActiveCfg = Debug|Any CPU
		{5F99CBED-5EED-49D7-9A1D-C6B727D01E4F}.Debug|Any CPU.Build.0 = Debug|Any CPU
		{5F99CBED-5EED-49D7-9A1D-C6B727D01E4F}.Release|Any CPU.ActiveCfg = Release|Any CPU
		{5F99CBED-5EED-49D7-9A1D-C6B727D01E4F}.Release|Any CPU.Build.0 = Release|Any CPU
	EndGlobalSection
	GlobalSection(SolutionProperties) = preSolution
		HideSolutionNode = FALSE
	EndGlobalSection
	GlobalSection(ExtensibilityGlobals) = postSolution
		SolutionGuid = {41776C7F-B4CF-46EA-8603-C9B22C9DA971}
	EndGlobalSection
EndGlobal
